
Microsoft Visual Studio Solution File, Format Version 12.00
# Visual Studio Version 17
VisualStudioVersion = 17.3.32901.215
MinimumVisualStudioVersion = 10.0.40219.1
Project("{FAE04EC0-301F-11D3-BF4B-00C04F79EFBC}") = "UniThigs", "UniThigs.csproj", "{80BB42B6-E86E-4C61-87F1-73C5C6387B48}"
EndProject
Global
	GlobalSection(SolutionConfigurationPlatforms) = preSolution
		Debug|Any CPU = Debug|Any CPU
		Release|Any CPU = Release|Any CPU
	EndGlobalSection
	GlobalSection(ProjectConfigurationPlatforms) = postSolution
		{80BB42B6-E86E-4C61-87F1-73C5C6387B48}.Debug|Any CPU.ActiveCfg = Debug|Any CPU
		{80BB42B6-E86E-4C61-87F1-73C5C6387B48}.Debug|Any CPU.Build.0 = Debug|Any CPU
		{80BB42B6-E86E-4C61-87F1-73C5C6387B48}.Release|Any CPU.ActiveCfg = Release|Any CPU
		{80BB42B6-E86E-4C61-87F1-73C5C6387B48}.Release|Any CPU.Build.0 = Release|Any CPU
	EndGlobalSection
	GlobalSection(SolutionProperties) = preSolution
		HideSolutionNode = FALSE
	EndGlobalSection
	GlobalSection(ExtensibilityGlobals) = postSolution
		SolutionGuid = {164AEF92-6E09-4FFE-A31C-020B33A70247}
	EndGlobalSection
EndGlobal
